
Microsoft Visual Studio Solution File, Format Version 12.00
# Visual Studio Version 16
VisualStudioVersion = 16.0.31205.134
MinimumVisualStudioVersion = 10.0.40219.1
Project("{FAE04EC0-301F-11D3-BF4B-00C04F79EFBC}") = "Assessment_Game", "Assessment_Game\Assessment_Game.csproj", "{2D2A1C0C-0DE3-46FE-AD7F-23174B7B9329}"
EndProject
Global
	GlobalSection(SolutionConfigurationPlatforms) = preSolution
		Debug|Any CPU = Debug|Any CPU
		Release|Any CPU = Release|Any CPU
	EndGlobalSection
	GlobalSection(ProjectConfigurationPlatforms) = postSolution
		{2D2A1C0C-0DE3-46FE-AD7F-23174B7B9329}.Debug|Any CPU.ActiveCfg = Debug|Any CPU
		{2D2A1C0C-0DE3-46FE-AD7F-23174B7B9329}.Debug|Any CPU.Build.0 = Debug|Any CPU
		{2D2A1C0C-0DE3-46FE-AD7F-23174B7B9329}.Release|Any CPU.ActiveCfg = Release|Any CPU
		{2D2A1C0C-0DE3-46FE-AD7F-23174B7B9329}.Release|Any CPU.Build.0 = Release|Any CPU
	EndGlobalSection
	GlobalSection(SolutionProperties) = preSolution
		HideSolutionNode = FALSE
	EndGlobalSection
	GlobalSection(ExtensibilityGlobals) = postSolution
		SolutionGuid = {53E6E614-DDF5-4599-8F81-1A45391B518C}
	EndGlobalSection
EndGlobal
